{
  "name": "functions",
  "version": "1.0.0",
  "lockfileVersion": 2,
  "requires": true,
  "packages": {
    "": {
      "version": "1.0.0",
      "dependencies": {
        "@libs/random": "~1.0.0"
      },
      "devDependencies": {
        "@azure/functions": "^1.2.3",
        "typescript": "^4.0.0"
      }
    },
    "../common/temp/node_modules/.pnpm/@azure+functions@1.2.3/node_modules/@azure/functions": {
      "version": "1.2.3",
      "dev": true,
      "license": "MIT"
    },
    "../common/temp/node_modules/.pnpm/@types+faker@5.5.8/node_modules/@types/faker": {
      "version": "5.5.8",
      "dev": true,
      "license": "MIT"
    },
    "../common/temp/node_modules/.pnpm/@types+node@16.7.13/node_modules/@types/node": {
      "version": "16.7.13",
      "dev": true,
      "license": "MIT"
    },
    "../common/temp/node_modules/.pnpm/faker@5.5.3/node_modules/faker": {
      "version": "5.5.3",
      "license": "MIT",
      "devDependencies": {
        "browserify": "^16.5.2",
        "coveralls": "^3.1.0",
        "eslint": "^6.5.1",
        "gulp": "^4.0.2",
        "gulp-gh-pages": "^0.5.4",
        "gulp-jsdoc3": "^3.0.0",
        "gulp-mustache": "^5.0.0",
        "gulp-rename": "^2.0.0",
        "gulp-uglify": "^3.0.2",
        "ink-docstrap": "1.1.4",
        "jsdoc": "^3.4.0",
        "lint-staged": "^9.4.2",
        "lodash": "^4.6.1",
        "mocha": "^8.1.1",
        "node-minify": "*",
        "nyc": "^15.1.0",
        "optimist": "0.3.5",
        "sinon": "^9.0.3",
        "through2": "2.0.0",
        "vinyl-buffer": "^1.0.1",
        "vinyl-source-stream": "^2.0.0",
        "vinyl-transform": "^1.0.0"
      }
    },
    "../common/temp/node_modules/.pnpm/ts-node@10.2.1_0a8d78cefadd950afc0a09f847380b88/node_modules/ts-node": {
      "version": "10.2.1",
      "dev": true,
      "license": "MIT",
      "dependencies": {
        "@cspotcode/source-map-support": "0.6.1",
        "@tsconfig/node10": "^1.0.7",
        "@tsconfig/node12": "^1.0.7",
        "@tsconfig/node14": "^1.0.0",
        "@tsconfig/node16": "^1.0.2",
        "acorn": "^8.4.1",
        "acorn-walk": "^8.1.1",
        "arg": "^4.1.0",
        "create-require": "^1.1.0",
        "diff": "^4.0.1",
        "make-error": "^1.1.1",
        "yn": "3.1.1"
      },
      "bin": {
        "ts-node": "dist/bin.js",
        "ts-node-cwd": "dist/bin-cwd.js",
        "ts-node-script": "dist/bin-script.js",
        "ts-node-transpile-only": "dist/bin-transpile.js",
        "ts-script": "dist/bin-script-deprecated.js"
      },
      "devDependencies": {
        "@microsoft/api-extractor": "^7.15.2",
        "@swc/core": ">=1.2.50",
        "@swc/wasm": ">=1.2.50",
        "@types/chai": "^4.0.4",
        "@types/diff": "^4.0.2",
        "@types/lodash": "^4.14.151",
        "@types/node": "13.13.5",
        "@types/proxyquire": "^1.3.28",
        "@types/react": "^16.0.2",
        "@types/rimraf": "^3.0.0",
        "@types/semver": "^7.1.0",
        "@yarnpkg/fslib": "^2.4.0",
        "ava": "^3.15.0",
        "axios": "^0.21.1",
        "chai": "^4.0.1",
        "expect": "^27.0.2",
        "get-stream": "^6.0.0",
        "lodash": "^4.17.15",
        "ntypescript": "^1.201507091536.1",
        "nyc": "^15.0.1",
        "prettier": "^2.2.1",
        "proxyquire": "^2.0.0",
        "react": "^16.14.0",
        "rimraf": "^3.0.0",
        "semver": "^7.1.3",
        "throat": "^6.0.1",
        "typedoc": "^0.20.28",
        "typescript": "4.3.5",
        "typescript-json-schema": "^0.42.0",
        "util.promisify": "^1.0.1"
      },
      "engines": {
        "node": ">=12.0.0"
      },
      "peerDependencies": {
        "@swc/core": ">=1.2.50",
        "@swc/wasm": ">=1.2.50",
        "@types/node": "*",
        "typescript": ">=2.7"
      },
      "peerDependenciesMeta": {
        "@swc/core": {
          "optional": true
        },
        "@swc/wasm": {
          "optional": true
        }
      }
    },
    "../common/temp/node_modules/.pnpm/tslib@2.3.1/node_modules/tslib": {
      "version": "2.3.1",
      "dev": true,
      "license": "0BSD"
    },
    "../common/temp/node_modules/.pnpm/typescript@4.4.3/node_modules/typescript": {
      "version": "4.4.3",
      "dev": true,
      "license": "Apache-2.0",
      "bin": {
        "tsc": "bin/tsc",
        "tsserver": "bin/tsserver"
      },
      "devDependencies": {
        "@octokit/rest": "latest",
        "@types/browserify": "latest",
        "@types/chai": "latest",
        "@types/convert-source-map": "latest",
        "@types/glob": "latest",
        "@types/gulp": "^4.0.5",
        "@types/gulp-concat": "latest",
        "@types/gulp-newer": "latest",
        "@types/gulp-rename": "0.0.33",
        "@types/gulp-sourcemaps": "0.0.32",
        "@types/jake": "latest",
        "@types/merge2": "latest",
        "@types/microsoft__typescript-etw": "latest",
        "@types/minimatch": "latest",
        "@types/minimist": "latest",
        "@types/mkdirp": "latest",
        "@types/mocha": "latest",
        "@types/ms": "latest",
        "@types/node": "latest",
        "@types/node-fetch": "^2.3.4",
        "@types/q": "latest",
        "@types/source-map-support": "latest",
        "@types/through2": "latest",
        "@types/xml2js": "^0.4.0",
        "@typescript-eslint/eslint-plugin": "^4.28.0",
        "@typescript-eslint/experimental-utils": "^4.28.0",
        "@typescript-eslint/parser": "^4.28.0",
        "async": "latest",
        "azure-devops-node-api": "^10.1.0",
        "browser-resolve": "^1.11.2",
        "browserify": "latest",
        "chai": "latest",
        "chalk": "latest",
        "convert-source-map": "latest",
        "del": "5.1.0",
        "diff": "^4.0.2",
        "eslint": "7.12.1",
        "eslint-formatter-autolinkable-stylish": "1.1.4",
        "eslint-plugin-import": "2.22.1",
        "eslint-plugin-jsdoc": "30.7.6",
        "eslint-plugin-no-null": "1.0.2",
        "fancy-log": "latest",
        "fs-extra": "^9.0.0",
        "glob": "latest",
        "gulp": "^4.0.0",
        "gulp-concat": "latest",
        "gulp-insert": "latest",
        "gulp-newer": "latest",
        "gulp-rename": "latest",
        "gulp-sourcemaps": "latest",
        "istanbul": "latest",
        "merge2": "latest",
        "minimist": "latest",
        "mkdirp": "latest",
        "mocha": "latest",
        "mocha-fivemat-progress-reporter": "latest",
        "ms": "latest",
        "node-fetch": "^2.6.0",
        "plugin-error": "latest",
        "pretty-hrtime": "^1.0.3",
        "prex": "^0.4.3",
        "q": "latest",
        "remove-internal": "^2.9.2",
        "source-map-support": "latest",
        "through2": "latest",
        "typescript": "^4.2.3",
        "vinyl": "latest",
        "vinyl-sourcemaps-apply": "latest",
        "xml2js": "^0.4.19"
      },
      "engines": {
        "node": ">=4.2.0"
      }
    },
    "../libs/random": {
      "name": "@libs/random",
      "version": "1.0.0",
      "license": "ISC",
      "dependencies": {
        "faker": "~5.5.3"
      },
      "devDependencies": {
        "@types/faker": "~5.5.8",
        "@types/node": "~16.7.1",
        "ts-node": "~10.2.1",
        "tslib": "~2.3.1",
        "typescript": "~4.4.2"
      }
    },
    "../libs/random/node_modules/@types/faker": {
      "resolved": "../common/temp/node_modules/.pnpm/@types+faker@5.5.8/node_modules/@types/faker",
      "link": true
    },
    "../libs/random/node_modules/@types/node": {
      "resolved": "../common/temp/node_modules/.pnpm/@types+node@16.7.13/node_modules/@types/node",
      "link": true
    },
    "../libs/random/node_modules/faker": {
      "resolved": "../common/temp/node_modules/.pnpm/faker@5.5.3/node_modules/faker",
      "link": true
    },
    "../libs/random/node_modules/ts-node": {
      "resolved": "../common/temp/node_modules/.pnpm/ts-node@10.2.1_0a8d78cefadd950afc0a09f847380b88/node_modules/ts-node",
      "link": true
    },
    "../libs/random/node_modules/tslib": {
      "resolved": "../common/temp/node_modules/.pnpm/tslib@2.3.1/node_modules/tslib",
      "link": true
    },
    "../libs/random/node_modules/typescript": {
      "resolved": "../common/temp/node_modules/.pnpm/typescript@4.4.3/node_modules/typescript",
      "link": true
    },
    "node_modules/@azure/functions": {
      "resolved": "../common/temp/node_modules/.pnpm/@azure+functions@1.2.3/node_modules/@azure/functions",
      "link": true
    },
    "node_modules/@libs/random": {
      "resolved": "../libs/random",
      "link": true
    },
    "node_modules/typescript": {
      "resolved": "../common/temp/node_modules/.pnpm/typescript@4.4.3/node_modules/typescript",
      "link": true
    }
  },
  "dependencies": {
    "@azure/functions": {
      "version": "file:../common/temp/node_modules/.pnpm/@azure+functions@1.2.3/node_modules/@azure/functions"
    },
    "@libs/random": {
      "version": "file:../libs/random",
      "requires": {
        "@types/faker": "~5.5.8",
        "@types/node": "~16.7.1",
        "faker": "~5.5.3",
        "ts-node": "~10.2.1",
        "tslib": "~2.3.1",
        "typescript": "~4.4.2"
      },
      "dependencies": {
        "@types/faker": {
          "version": "file:../common/temp/node_modules/.pnpm/@types+faker@5.5.8/node_modules/@types/faker"
        },
        "@types/node": {
          "version": "file:../common/temp/node_modules/.pnpm/@types+node@16.7.13/node_modules/@types/node"
        },
        "faker": {
          "version": "file:../common/temp/node_modules/.pnpm/faker@5.5.3/node_modules/faker",
          "requires": {
            "browserify": "^16.5.2",
            "coveralls": "^3.1.0",
            "eslint": "^6.5.1",
            "gulp": "^4.0.2",
            "gulp-gh-pages": "^0.5.4",
            "gulp-jsdoc3": "^3.0.0",
            "gulp-mustache": "^5.0.0",
            "gulp-rename": "^2.0.0",
            "gulp-uglify": "^3.0.2",
            "ink-docstrap": "1.1.4",
            "jsdoc": "^3.4.0",
            "lint-staged": "^9.4.2",
            "lodash": "^4.6.1",
            "mocha": "^8.1.1",
            "node-minify": "*",
            "nyc": "^15.1.0",
            "optimist": "0.3.5",
            "sinon": "^9.0.3",
            "through2": "2.0.0",
            "vinyl-buffer": "^1.0.1",
            "vinyl-source-stream": "^2.0.0",
            "vinyl-transform": "^1.0.0"
          }
        },
        "ts-node": {
          "version": "file:../common/temp/node_modules/.pnpm/ts-node@10.2.1_0a8d78cefadd950afc0a09f847380b88/node_modules/ts-node",
          "requires": {
            "@cspotcode/source-map-support": "0.6.1",
            "@microsoft/api-extractor": "^7.15.2",
            "@swc/core": ">=1.2.50",
            "@swc/wasm": ">=1.2.50",
            "@tsconfig/node10": "^1.0.7",
            "@tsconfig/node12": "^1.0.7",
            "@tsconfig/node14": "^1.0.0",
            "@tsconfig/node16": "^1.0.2",
            "@types/chai": "^4.0.4",
            "@types/diff": "^4.0.2",
            "@types/lodash": "^4.14.151",
            "@types/node": "13.13.5",
            "@types/proxyquire": "^1.3.28",
            "@types/react": "^16.0.2",
            "@types/rimraf": "^3.0.0",
            "@types/semver": "^7.1.0",
            "@yarnpkg/fslib": "^2.4.0",
            "acorn": "^8.4.1",
            "acorn-walk": "^8.1.1",
            "arg": "^4.1.0",
            "ava": "^3.15.0",
            "axios": "^0.21.1",
            "chai": "^4.0.1",
            "create-require": "^1.1.0",
            "diff": "^4.0.1",
            "expect": "^27.0.2",
            "get-stream": "^6.0.0",
            "lodash": "^4.17.15",
            "make-error": "^1.1.1",
            "ntypescript": "^1.201507091536.1",
            "nyc": "^15.0.1",
            "prettier": "^2.2.1",
            "proxyquire": "^2.0.0",
            "react": "^16.14.0",
            "rimraf": "^3.0.0",
            "semver": "^7.1.3",
            "throat": "^6.0.1",
            "typedoc": "^0.20.28",
            "typescript": "4.3.5",
            "typescript-json-schema": "^0.42.0",
            "util.promisify": "^1.0.1",
            "yn": "3.1.1"
          }
        },
        "tslib": {
          "version": "file:../common/temp/node_modules/.pnpm/tslib@2.3.1/node_modules/tslib"
        },
        "typescript": {
          "version": "file:../common/temp/node_modules/.pnpm/typescript@4.4.3/node_modules/typescript",
          "requires": {
            "@octokit/rest": "latest",
            "@types/browserify": "latest",
            "@types/chai": "latest",
            "@types/convert-source-map": "latest",
            "@types/glob": "latest",
            "@types/gulp": "^4.0.5",
            "@types/gulp-concat": "latest",
            "@types/gulp-newer": "latest",
            "@types/gulp-rename": "0.0.33",
            "@types/gulp-sourcemaps": "0.0.32",
            "@types/jake": "latest",
            "@types/merge2": "latest",
            "@types/microsoft__typescript-etw": "latest",
            "@types/minimatch": "latest",
            "@types/minimist": "latest",
            "@types/mkdirp": "latest",
            "@types/mocha": "latest",
            "@types/ms": "latest",
            "@types/node": "latest",
            "@types/node-fetch": "^2.3.4",
            "@types/q": "latest",
            "@types/source-map-support": "latest",
            "@types/through2": "latest",
            "@types/xml2js": "^0.4.0",
            "@typescript-eslint/eslint-plugin": "^4.28.0",
            "@typescript-eslint/experimental-utils": "^4.28.0",
            "@typescript-eslint/parser": "^4.28.0",
            "async": "latest",
            "azure-devops-node-api": "^10.1.0",
            "browser-resolve": "^1.11.2",
            "browserify": "latest",
            "chai": "latest",
            "chalk": "latest",
            "convert-source-map": "latest",
            "del": "5.1.0",
            "diff": "^4.0.2",
            "eslint": "7.12.1",
            "eslint-formatter-autolinkable-stylish": "1.1.4",
            "eslint-plugin-import": "2.22.1",
            "eslint-plugin-jsdoc": "30.7.6",
            "eslint-plugin-no-null": "1.0.2",
            "fancy-log": "latest",
            "fs-extra": "^9.0.0",
            "glob": "latest",
            "gulp": "^4.0.0",
            "gulp-concat": "latest",
            "gulp-insert": "latest",
            "gulp-newer": "latest",
            "gulp-rename": "latest",
            "gulp-sourcemaps": "latest",
            "istanbul": "latest",
            "merge2": "latest",
            "minimist": "latest",
            "mkdirp": "latest",
            "mocha": "latest",
            "mocha-fivemat-progress-reporter": "latest",
            "ms": "latest",
            "node-fetch": "^2.6.0",
            "plugin-error": "latest",
            "pretty-hrtime": "^1.0.3",
            "prex": "^0.4.3",
            "q": "latest",
            "remove-internal": "^2.9.2",
            "source-map-support": "latest",
            "through2": "latest",
            "typescript": "^4.2.3",
            "vinyl": "latest",
            "vinyl-sourcemaps-apply": "latest",
            "xml2js": "^0.4.19"
          }
        }
      }
    },
    "typescript": {
      "version": "file:../common/temp/node_modules/.pnpm/typescript@4.4.3/node_modules/typescript",
      "requires": {
        "@octokit/rest": "latest",
        "@types/browserify": "latest",
        "@types/chai": "latest",
        "@types/convert-source-map": "latest",
        "@types/glob": "latest",
        "@types/gulp": "^4.0.5",
        "@types/gulp-concat": "latest",
        "@types/gulp-newer": "latest",
        "@types/gulp-rename": "0.0.33",
        "@types/gulp-sourcemaps": "0.0.32",
        "@types/jake": "latest",
        "@types/merge2": "latest",
        "@types/microsoft__typescript-etw": "latest",
        "@types/minimatch": "latest",
        "@types/minimist": "latest",
        "@types/mkdirp": "latest",
        "@types/mocha": "latest",
        "@types/ms": "latest",
        "@types/node": "latest",
        "@types/node-fetch": "^2.3.4",
        "@types/q": "latest",
        "@types/source-map-support": "latest",
        "@types/through2": "latest",
        "@types/xml2js": "^0.4.0",
        "@typescript-eslint/eslint-plugin": "^4.28.0",
        "@typescript-eslint/experimental-utils": "^4.28.0",
        "@typescript-eslint/parser": "^4.28.0",
        "async": "latest",
        "azure-devops-node-api": "^10.1.0",
        "browser-resolve": "^1.11.2",
        "browserify": "latest",
        "chai": "latest",
        "chalk": "latest",
        "convert-source-map": "latest",
        "del": "5.1.0",
        "diff": "^4.0.2",
        "eslint": "7.12.1",
        "eslint-formatter-autolinkable-stylish": "1.1.4",
        "eslint-plugin-import": "2.22.1",
        "eslint-plugin-jsdoc": "30.7.6",
        "eslint-plugin-no-null": "1.0.2",
        "fancy-log": "latest",
        "fs-extra": "^9.0.0",
        "glob": "latest",
        "gulp": "^4.0.0",
        "gulp-concat": "latest",
        "gulp-insert": "latest",
        "gulp-newer": "latest",
        "gulp-rename": "latest",
        "gulp-sourcemaps": "latest",
        "istanbul": "latest",
        "merge2": "latest",
        "minimist": "latest",
        "mkdirp": "latest",
        "mocha": "latest",
        "mocha-fivemat-progress-reporter": "latest",
        "ms": "latest",
        "node-fetch": "^2.6.0",
        "plugin-error": "latest",
        "pretty-hrtime": "^1.0.3",
        "prex": "^0.4.3",
        "q": "latest",
        "remove-internal": "^2.9.2",
        "source-map-support": "latest",
        "through2": "latest",
        "typescript": "^4.2.3",
        "vinyl": "latest",
        "vinyl-sourcemaps-apply": "latest",
        "xml2js": "^0.4.19"
      }
    }
  }
}
